
Microsoft Visual Studio Solution File, Format Version 12.00
# Visual Studio 2013
VisualStudioVersion = 12.0.21005.1
MinimumVisualStudioVersion = 10.0.40219.1
Project("{FAE04EC0-301F-11D3-BF4B-00C04F79EFBC}") = "CCS", "CCS\CCS.csproj", "{E3C48FB7-5387-44EC-B19B-083BD6DE21C6}"
EndProject
Project("{FAE04EC0-301F-11D3-BF4B-00C04F79EFBC}") = "CCS.UI.WEB", "CCS.UI.WEB\CCS.UI.WEB.csproj", "{1BD3687B-E77C-4F35-B642-F8EA1156CD6C}"
EndProject
Global
	GlobalSection(SolutionConfigurationPlatforms) = preSolution
		Debug|Any CPU = Debug|Any CPU
		Release|Any CPU = Release|Any CPU
	EndGlobalSection
	GlobalSection(ProjectConfigurationPlatforms) = postSolution
		{E3C48FB7-5387-44EC-B19B-083BD6DE21C6}.Debug|Any CPU.ActiveCfg = Debug|Any CPU
		{E3C48FB7-5387-44EC-B19B-083BD6DE21C6}.Debug|Any CPU.Build.0 = Debug|Any CPU
		{E3C48FB7-5387-44EC-B19B-083BD6DE21C6}.Release|Any CPU.ActiveCfg = Release|Any CPU
		{E3C48FB7-5387-44EC-B19B-083BD6DE21C6}.Release|Any CPU.Build.0 = Release|Any CPU
		{1BD3687B-E77C-4F35-B642-F8EA1156CD6C}.Debug|Any CPU.ActiveCfg = Debug|Any CPU
		{1BD3687B-E77C-4F35-B642-F8EA1156CD6C}.Debug|Any CPU.Build.0 = Debug|Any CPU
		{1BD3687B-E77C-4F35-B642-F8EA1156CD6C}.Release|Any CPU.ActiveCfg = Release|Any CPU
		{1BD3687B-E77C-4F35-B642-F8EA1156CD6C}.Release|Any CPU.Build.0 = Release|Any CPU
	EndGlobalSection
	GlobalSection(SolutionProperties) = preSolution
		HideSolutionNode = FALSE
	EndGlobalSection
EndGlobal
